
Microsoft Visual Studio Solution File, Format Version 12.00
# Visual Studio Version 16
VisualStudioVersion = 16.0.31321.278
MinimumVisualStudioVersion = 10.0.40219.1
Project("{FAE04EC0-301F-11D3-BF4B-00C04F79EFBC}") = "wms", "wms.csproj", "{BB40CB10-1EB7-4BD5-86D4-F478B8F6A562}"
EndProject
Global
	GlobalSection(SolutionConfigurationPlatforms) = preSolution
		Debug|Any CPU = Debug|Any CPU
		Release|Any CPU = Release|Any CPU
	EndGlobalSection
	GlobalSection(ProjectConfigurationPlatforms) = postSolution
		{BB40CB10-1EB7-4BD5-86D4-F478B8F6A562}.Debug|Any CPU.ActiveCfg = Debug|Any CPU
		{BB40CB10-1EB7-4BD5-86D4-F478B8F6A562}.Debug|Any CPU.Build.0 = Debug|Any CPU
		{BB40CB10-1EB7-4BD5-86D4-F478B8F6A562}.Release|Any CPU.ActiveCfg = Release|Any CPU
		{BB40CB10-1EB7-4BD5-86D4-F478B8F6A562}.Release|Any CPU.Build.0 = Release|Any CPU
	EndGlobalSection
	GlobalSection(SolutionProperties) = preSolution
		HideSolutionNode = FALSE
	EndGlobalSection
	GlobalSection(ExtensibilityGlobals) = postSolution
		SolutionGuid = {100AEEBA-FE1E-43B0-927C-F95DAA864161}
	EndGlobalSection
EndGlobal
